
Microsoft Visual Studio Solution File, Format Version 12.00
# Visual Studio Version 16
VisualStudioVersion = 16.0.30413.136
MinimumVisualStudioVersion = 10.0.40219.1
Project("{FAE04EC0-301F-11D3-BF4B-00C04F79EFBC}") = "HW2_Q1", "HW2_Q1\HW2_Q1.csproj", "{2C282745-B972-42AC-A4BF-34A68EF2ACAE}"
EndProject
Global
	GlobalSection(SolutionConfigurationPlatforms) = preSolution
		Debug|Any CPU = Debug|Any CPU
		Release|Any CPU = Release|Any CPU
	EndGlobalSection
	GlobalSection(ProjectConfigurationPlatforms) = postSolution
		{2C282745-B972-42AC-A4BF-34A68EF2ACAE}.Debug|Any CPU.ActiveCfg = Debug|Any CPU
		{2C282745-B972-42AC-A4BF-34A68EF2ACAE}.Debug|Any CPU.Build.0 = Debug|Any CPU
		{2C282745-B972-42AC-A4BF-34A68EF2ACAE}.Release|Any CPU.ActiveCfg = Release|Any CPU
		{2C282745-B972-42AC-A4BF-34A68EF2ACAE}.Release|Any CPU.Build.0 = Release|Any CPU
	EndGlobalSection
	GlobalSection(SolutionProperties) = preSolution
		HideSolutionNode = FALSE
	EndGlobalSection
	GlobalSection(ExtensibilityGlobals) = postSolution
		SolutionGuid = {63F30BF1-A72C-463D-AE80-F18E6C432080}
	EndGlobalSection
EndGlobal
