
Microsoft Visual Studio Solution File, Format Version 12.00
# Visual Studio Version 16
VisualStudioVersion = 16.0.30413.136
MinimumVisualStudioVersion = 10.0.40219.1
Project("{FAE04EC0-301F-11D3-BF4B-00C04F79EFBC}") = "HW1_Q2", "HW1_Q2\HW1_Q2.csproj", "{0D26B0FF-B62B-424C-8FE8-8EC10F51A0D6}"
EndProject
Global
	GlobalSection(SolutionConfigurationPlatforms) = preSolution
		Debug|Any CPU = Debug|Any CPU
		Release|Any CPU = Release|Any CPU
	EndGlobalSection
	GlobalSection(ProjectConfigurationPlatforms) = postSolution
		{0D26B0FF-B62B-424C-8FE8-8EC10F51A0D6}.Debug|Any CPU.ActiveCfg = Debug|Any CPU
		{0D26B0FF-B62B-424C-8FE8-8EC10F51A0D6}.Debug|Any CPU.Build.0 = Debug|Any CPU
		{0D26B0FF-B62B-424C-8FE8-8EC10F51A0D6}.Release|Any CPU.ActiveCfg = Release|Any CPU
		{0D26B0FF-B62B-424C-8FE8-8EC10F51A0D6}.Release|Any CPU.Build.0 = Release|Any CPU
	EndGlobalSection
	GlobalSection(SolutionProperties) = preSolution
		HideSolutionNode = FALSE
	EndGlobalSection
	GlobalSection(ExtensibilityGlobals) = postSolution
		SolutionGuid = {762A928F-0075-44BF-BA65-EE8C241DB2DC}
	EndGlobalSection
EndGlobal
