
Microsoft Visual Studio Solution File, Format Version 12.00
# Visual Studio Version 16
VisualStudioVersion = 16.0.30413.136
MinimumVisualStudioVersion = 10.0.40219.1
Project("{FAE04EC0-301F-11D3-BF4B-00C04F79EFBC}") = "HW3_Q1", "HW3_Q1\HW3_Q1.csproj", "{FE015DAB-220F-4E59-9505-26606E2DB8A0}"
EndProject
Global
	GlobalSection(SolutionConfigurationPlatforms) = preSolution
		Debug|Any CPU = Debug|Any CPU
		Release|Any CPU = Release|Any CPU
	EndGlobalSection
	GlobalSection(ProjectConfigurationPlatforms) = postSolution
		{FE015DAB-220F-4E59-9505-26606E2DB8A0}.Debug|Any CPU.ActiveCfg = Debug|Any CPU
		{FE015DAB-220F-4E59-9505-26606E2DB8A0}.Debug|Any CPU.Build.0 = Debug|Any CPU
		{FE015DAB-220F-4E59-9505-26606E2DB8A0}.Release|Any CPU.ActiveCfg = Release|Any CPU
		{FE015DAB-220F-4E59-9505-26606E2DB8A0}.Release|Any CPU.Build.0 = Release|Any CPU
	EndGlobalSection
	GlobalSection(SolutionProperties) = preSolution
		HideSolutionNode = FALSE
	EndGlobalSection
	GlobalSection(ExtensibilityGlobals) = postSolution
		SolutionGuid = {EDA60ED6-EFDA-4D62-97BC-01507F3E5878}
	EndGlobalSection
EndGlobal
